PODS:
  - Batch (1.5)
  - Bolts (1.6.0):
    - Bolts/AppLinks (= 1.6.0)
    - Bolts/Tasks (= 1.6.0)
  - Bolts/AppLinks (1.6.0):
    - Bolts/Tasks
  - Bolts/Tasks (1.6.0)
  - Calendar-iOS (0.9)
  - FBSDKCoreKit (4.10.0):
    - Bolts (~> 1.5)
  - FBSDKLoginKit (4.10.0):
    - FBSDKCoreKit
  - FBSDKShareKit (4.10.0):
    - FBSDKCoreKit
  - Firebase (2.5.1)
  - FoldingTabBar (1.0.2)
  - GoogleMaps (1.12.1)
  - Mapbox-iOS-SDK (3.1.2)

DEPENDENCIES:
  - Batch (~> 1.5)
  - Calendar-iOS
  - FBSDKCoreKit
  - FBSDKLoginKit
  - FBSDKShareKit
  - Firebase
  - FoldingTabBar (~> 1.0.2)
  - GoogleMaps
  - Mapbox-iOS-SDK

SPEC CHECKSUMS:
  Batch: 8ae30e3c3cfc4ddc812ad908ae75bbee9c4c7057
  Bolts: f52a250053bb517ca874523c3913776359ab3def
  Calendar-iOS: 2296d7b4354a36ee1eefa012617b573270a206cb
  FBSDKCoreKit: 13bec8373fb3af94d44daf2aa1e0958687897fbd
  FBSDKLoginKit: d3d4a2e9d31954deb00bfea964167a05ca1ea976
  FBSDKShareKit: 54587b4624706ace1e810cf83412a918141f807a
  Firebase: 3565ea88b830f28f2c77ecc524622bc71a20d085
  FoldingTabBar: 79df76dfd5a84c0a369beaa378a31c07aa53b6b2
  GoogleMaps: d4e7526e96e78faf7131ea95f13dd5411cc2916d
  Mapbox-iOS-SDK: 0a910c2cce1aa8cff5b9ec2a990e7a32332a776a

COCOAPODS: 0.39.0
